// !$*UTF8*$!
{
	archiveVersion = 1;
	classes = {
	};
	objectVersion = 50;
	objects = {

/* Begin PBXBuildFile section */
		B119E04B213F81C900290952 /* AppDelegate.swift in Sources */ = {isa = PBXBuildFile; fileRef = B119E04A213F81C900290952 /* AppDelegate.swift */; };
		B119E04D213F81C900290952 /* ViewController.swift in Sources */ = {isa = PBXBuildFile; fileRef = B119E04C213F81C900290952 /* ViewController.swift */; };
		B119E050213F81C900290952 /* Main.storyboard in Resources */ = {isa = PBXBuildFile; fileRef = B119E04E213F81C900290952 /* Main.storyboard */; };
		B119E052213F81CB00290952 /* Assets.xcassets in Resources */ = {isa = PBXBuildFile; fileRef = B119E051213F81CB00290952 /* Assets.xcassets */; };
		B119E055213F81CB00290952 /* LaunchScreen.storyboard in Resources */ = {isa = PBXBuildFile; fileRef = B119E053213F81CB00290952 /* LaunchScreen.storyboard */; };
		B119E060213F81CB00290952 /* LoginViewTests.swift in Sources */ = {isa = PBXBuildFile; fileRef = B119E05F213F81CB00290952 /* LoginViewTests.swift */; };
		B119E06B213F81CB00290952 /* LoginViewUITests.swift in Sources */ = {isa = PBXBuildFile; fileRef = B119E06A213F81CB00290952 /* LoginViewUITests.swift */; };
		B119E07B213F82BB00290952 /* RegisController.swift in Sources */ = {isa = PBXBuildFile; fileRef = B119E07A213F82BB00290952 /* RegisController.swift */; };
/* End PBXBuildFile section */

/* Begin PBXContainerItemProxy section */
		B119E05C213F81CB00290952 /* PBXContainerItemProxy */ = {
			isa = PBXContainerItemProxy;
			containerPortal = B119E03F213F81C900290952 /* Project object */;
			proxyType = 1;
			remoteGlobalIDString = B119E046213F81C900290952;
			remoteInfo = LoginView;
		};
		B119E067213F81CB00290952 /* PBXContainerItemProxy */ = {
			isa = PBXContainerItemProxy;
			containerPortal = B119E03F213F81C900290952 /* Project object */;
			proxyType = 1;
			remoteGlobalIDString = B119E046213F81C900290952;
			remoteInfo = LoginView;
		};
/* End PBXContainerItemProxy section */

/* Begin PBXFileReference section */
		B119E047213F81C900290952 /* LoginView.app */ = {isa = PBXFileReference; explicitFileType = wrapper.application; includeInIndex = 0; path = LoginView.app; sourceTree = BUILT_PRODUCTS_DIR; };
		B119E04A213F81C900290952 /* AppDelegate.swift */ = {isa = PBXFileReference; lastKnownFileType = sourcecode.swift; path = AppDelegate.swift; sourceTree = "<group>"; };
		B119E04C213F81C900290952 /* ViewController.swift */ = {isa = PBXFileReference; lastKnownFileType = sourcecode.swift; path = ViewController.swift; sourceTree = "<group>"; };
		B119E04F213F81C900290952 /* Base */ = {isa = PBXFileReference; lastKnownFileType = file.storyboard; name = Base; path = Base.lproj/Main.storyboard; sourceTree = "<group>"; };
		B119E051213F81CB00290952 /* Assets.xcassets */ = {isa = PBXFileReference; lastKnownFileType = folder.assetcatalog; path = Assets.xcassets; sourceTree = "<group>"; };
		B119E054213F81CB00290952 /* Base */ = {isa = PBXFileReference; lastKnownFileType = file.storyboard; name = Base; path = Base.lproj/LaunchScreen.storyboard; sourceTree = "<group>"; };
		B119E056213F81CB00290952 /* Info.plist */ = {isa = PBXFileReference; lastKnownFileType = text.plist.xml; path = Info.plist; sourceTree = "<group>"; };
		B119E05B213F81CB00290952 /* LoginViewTests.xctest */ = {isa = PBXFileReference; explicitFileType = wrapper.cfbundle; includeInIndex = 0; path = LoginViewTests.xctest; sourceTree = BUILT_PRODUCTS_DIR; };
		B119E05F213F81CB00290952 /* LoginViewTests.swift */ = {isa = PBXFileReference; lastKnownFileType = sourcecode.swift; path = LoginViewTests.swift; sourceTree = "<group>"; };
		B119E061213F81CB00290952 /* Info.plist */ = {isa = PBXFileReference; lastKnownFileType = text.plist.xml; path = Info.plist; sourceTree = "<group>"; };
		B119E066213F81CB00290952 /* LoginViewUITests.xctest */ = {isa = PBXFileReference; explicitFileType = wrapper.cfbundle; includeInIndex = 0; path = LoginViewUITests.xctest; sourceTree = BUILT_PRODUCTS_DIR; };
		B119E06A213F81CB00290952 /* LoginViewUITests.swift */ = {isa = PBXFileReference; lastKnownFileType = sourcecode.swift; path = LoginViewUITests.swift; sourceTree = "<group>"; };
		B119E06C213F81CB00290952 /* Info.plist */ = {isa = PBXFileReference; lastKnownFileType = text.plist.xml; path = Info.plist; sourceTree = "<group>"; };
		B119E07A213F82BB00290952 /* RegisController.swift */ = {isa = PBXFileReference; lastKnownFileType = sourcecode.swift; path = RegisController.swift; sourceTree = "<group>"; };
/* End PBXFileReference section */

/* Begin PBXFrameworksBuildPhase section */
		B119E044213F81C900290952 /* Frameworks */ = {
			isa = PBXFrameworksBuildPhase;
			buildActionMask = 2147483647;
			files = (
			);
			runOnlyForDeploymentPostprocessing = 0;
		};
		B119E058213F81CB00290952 /* Frameworks */ = {
			isa = PBXFrameworksBuildPhase;
			buildActionMask = 2147483647;
			files = (
			);
			runOnlyForDeploymentPostprocessing = 0;
		};
		B119E063213F81CB00290952 /* Frameworks */ = {
			isa = PBXFrameworksBuildPhase;
			buildActionMask = 2147483647;
			files = (
			);
			runOnlyForDeploymentPostprocessing = 0;
		};
/* End PBXFrameworksBuildPhase section */

/* Begin PBXGroup section */
		B119E03E213F81C900290952 = {
			isa = PBXGroup;
			children = (
				B119E049213F81C900290952 /* LoginView */,
				B119E05E213F81CB00290952 /* LoginViewTests */,
				B119E069213F81CB00290952 /* LoginViewUITests */,
				B119E048213F81C900290952 /* Products */,
			);
			sourceTree = "<group>";
		};
		B119E048213F81C900290952 /* Products */ = {
			isa = PBXGroup;
			children = (
				B119E047213F81C900290952 /* LoginView.app */,
				B119E05B213F81CB00290952 /* LoginViewTests.xctest */,
				B119E066213F81CB00290952 /* LoginViewUITests.xctest */,
			);
			name = Products;
			sourceTree = "<group>";
		};
		B119E049213F81C900290952 /* LoginView */ = {
			isa = PBXGroup;
			children = (
				B119E04A213F81C900290952 /* AppDelegate.swift */,
				B119E04C213F81C900290952 /* ViewController.swift */,
				B119E04E213F81C900290952 /* Main.storyboard */,
				B119E051213F81CB00290952 /* Assets.xcassets */,
				B119E053213F81CB00290952 /* LaunchScreen.storyboard */,
				B119E056213F81CB00290952 /* Info.plist */,
				B119E07A213F82BB00290952 /* RegisController.swift */,
			);
			path = LoginView;
			sourceTree = "<group>";
		};
		B119E05E213F81CB00290952 /* LoginViewTests */ = {
			isa = PBXGroup;
			children = (
				B119E05F213F81CB00290952 /* LoginViewTests.swift */,
				B119E061213F81CB00290952 /* Info.plist */,
			);
			path = LoginViewTests;
			sourceTree = "<group>";
		};
		B119E069213F81CB00290952 /* LoginViewUITests */ = {
			isa = PBXGroup;
			children = (
				B119E06A213F81CB00290952 /* LoginViewUITests.swift */,
				B119E06C213F81CB00290952 /* Info.plist */,
			);
			path = LoginViewUITests;
			sourceTree = "<group>";
		};
/* End PBXGroup section */

/* Begin PBXNativeTarget section */
		B119E046213F81C900290952 /* LoginView */ = {
			isa = PBXNativeTarget;
			buildConfigurationList = B119E06F213F81CB00290952 /* Build configuration list for PBXNativeTarget "LoginView" */;
			buildPhases = (
				B119E043213F81C900290952 /* Sources */,
				B119E044213F81C900290952 /* Frameworks */,
				B119E045213F81C900290952 /* Resources */,
			);
			buildRules = (
			);
			dependencies = (
			);
			name = LoginView;
			productName = LoginView;
			productReference = B119E047213F81C900290952 /* LoginView.app */;
			productType = "com.apple.product-type.application";
		};
		B119E05A213F81CB00290952 /* LoginViewTests */ = {
			isa = PBXNativeTarget;
			buildConfigurationList = B119E072213F81CB00290952 /* Build configuration list for PBXNativeTarget "LoginViewTests" */;
			buildPhases = (
				B119E057213F81CB00290952 /* Sources */,
				B119E058213F81CB00290952 /* Frameworks */,
				B119E059213F81CB00290952 /* Resources */,
			);
			buildRules = (
			);
			dependencies = (
				B119E05D213F81CB00290952 /* PBXTargetDependency */,
			);
			name = LoginViewTests;
			productName = LoginViewTests;
			productReference = B119E05B213F81CB00290952 /* LoginViewTests.xctest */;
			productType = "com.apple.product-type.bundle.unit-test";
		};
		B119E065213F81CB00290952 /* LoginViewUITests */ = {
			isa = PBXNativeTarget;
			buildConfigurationList = B119E075213F81CB00290952 /* Build configuration list for PBXNativeTarget "LoginViewUITests" */;
			buildPhases = (
				B119E062213F81CB00290952 /* Sources */,
				B119E063213F81CB00290952 /* Frameworks */,
				B119E064213F81CB00290952 /* Resources */,
			);
			buildRules = (
			);
			dependencies = (
				B119E068213F81CB00290952 /* PBXTargetDependency */,
			);
			name = LoginViewUITests;
			productName = LoginViewUITests;
			productReference = B119E066213F81CB00290952 /* LoginViewUITests.xctest */;
			productType = "com.apple.product-type.bundle.ui-testing";
		};
/* End PBXNativeTarget section */

/* Begin PBXProject section */
		B119E03F213F81C900290952 /* Project object */ = {
			isa = PBXProject;
			attributes = {
				LastSwiftUpdateCheck = 0940;
				LastUpgradeCheck = 0940;
				ORGANIZATIONNAME = chrisz;
				TargetAttributes = {
					B119E046213F81C900290952 = {
						CreatedOnToolsVersion = 9.4.1;
					};
					B119E05A213F81CB00290952 = {
						CreatedOnToolsVersion = 9.4.1;
						TestTargetID = B119E046213F81C900290952;
					};
					B119E065213F81CB00290952 = {
						CreatedOnToolsVersion = 9.4.1;
						TestTargetID = B119E046213F81C900290952;
					};
				};
			};
			buildConfigurationList = B119E042213F81C900290952 /* Build configuration list for PBXProject "LoginView" */;
			compatibilityVersion = "Xcode 9.3";
			developmentRegion = en;
			hasScannedForEncodings = 0;
			knownRegions = (
				en,
				Base,
			);
			mainGroup = B119E03E213F81C900290952;
			productRefGroup = B119E048213F81C900290952 /* Products */;
			projectDirPath = "";
			projectRoot = "";
			targets = (
				B119E046213F81C900290952 /* LoginView */,
				B119E05A213F81CB00290952 /* LoginViewTests */,
				B119E065213F81CB00290952 /* LoginViewUITests */,
			);
		};
/* End PBXProject section */

/* Begin PBXResourcesBuildPhase section */
		B119E045213F81C900290952 /* Resources */ = {
			isa = PBXResourcesBuildPhase;
			buildActionMask = 2147483647;
			files = (
				B119E055213F81CB00290952 /* LaunchScreen.storyboard in Resources */,
				B119E052213F81CB00290952 /* Assets.xcassets in Resources */,
				B119E050213F81C900290952 /* Main.storyboard in Resources */,
			);
			runOnlyForDeploymentPostprocessing = 0;
		};
		B119E059213F81CB00290952 /* Resources */ = {
			isa = PBXResourcesBuildPhase;
			buildActionMask = 2147483647;
			files = (
			);
			runOnlyForDeploymentPostprocessing = 0;
		};
		B119E064213F81CB00290952 /* Resources */ = {
			isa = PBXResourcesBuildPhase;
			buildActionMask = 2147483647;
			files = (
			);
			runOnlyForDeploymentPostprocessing = 0;
		};
/* End PBXResourcesBuildPhase section */

/* Begin PBXSourcesBuildPhase section */
		B119E043213F81C900290952 /* Sources */ = {
			isa = PBXSourcesBuildPhase;
			buildActionMask = 2147483647;
			files = (
				B119E07B213F82BB00290952 /* RegisController.swift in Sources */,
				B119E04D213F81C900290952 /* ViewController.swift in Sources */,
				B119E04B213F81C900290952 /* AppDelegate.swift in Sources */,
			);
			runOnlyForDeploymentPostprocessing = 0;
		};
		B119E057213F81CB00290952 /* Sources */ = {
			isa = PBXSourcesBuildPhase;
			buildActionMask = 2147483647;
			files = (
				B119E060213F81CB00290952 /* LoginViewTests.swift in Sources */,
			);
			runOnlyForDeploymentPostprocessing = 0;
		};
		B119E062213F81CB00290952 /* Sources */ = {
			isa = PBXSourcesBuildPhase;
			buildActionMask = 2147483647;
			files = (
				B119E06B213F81CB00290952 /* LoginViewUITests.swift in Sources */,
			);
			runOnlyForDeploymentPostprocessing = 0;
		};
/* End PBXSourcesBuildPhase section */

/* Begin PBXTargetDependency section */
		B119E05D213F81CB00290952 /* PBXTargetDependency */ = {
			isa = PBXTargetDependency;
			target = B119E046213F81C900290952 /* LoginView */;
			targetProxy = B119E05C213F81CB00290952 /* PBXContainerItemProxy */;
		};
		B119E068213F81CB00290952 /* PBXTargetDependency */ = {
			isa = PBXTargetDependency;
			target = B119E046213F81C900290952 /* LoginView */;
			targetProxy = B119E067213F81CB00290952 /* PBXContainerItemProxy */;
		};
/* End PBXTargetDependency section */

/* Begin PBXVariantGroup section */
		B119E04E213F81C900290952 /* Main.storyboard */ = {
			isa = PBXVariantGroup;
			children = (
				B119E04F213F81C900290952 /* Base */,
			);
			name = Main.storyboard;
			sourceTree = "<group>";
		};
		B119E053213F81CB00290952 /* LaunchScreen.storyboard */ = {
			isa = PBXVariantGroup;
			children = (
				B119E054213F81CB00290952 /* Base */,
			);
			name = LaunchScreen.storyboard;
			sourceTree = "<group>";
		};
/* End PBXVariantGroup section */

/* Begin XCBuildConfiguration section */
		B119E06D213F81CB00290952 /* Debug */ = {
			isa = XCBuildConfiguration;
			buildSettings = {
				ALWAYS_SEARCH_USER_PATHS = NO;
				CLANG_ANALYZER_NONNULL = YES;
				CLANG_ANALYZER_NUMBER_OBJECT_CONVERSION = YES_AGGRESSIVE;
				CLANG_CXX_LANGUAGE_STANDARD = "gnu++14";
				CLANG_CXX_LIBRARY = "libc++";
				CLANG_ENABLE_MODULES = YES;
				CLANG_ENABLE_OBJC_ARC = YES;
				CLANG_ENABLE_OBJC_WEAK = YES;
				CLANG_WARN_BLOCK_CAPTURE_AUTORELEASING = YES;
				CLANG_WARN_BOOL_CONVERSION = YES;
				CLANG_WARN_COMMA = YES;
				CLANG_WARN_CONSTANT_CONVERSION = YES;
				CLANG_WARN_DEPRECATED_OBJC_IMPLEMENTATIONS = YES;
				CLANG_WARN_DIRECT_OBJC_ISA_USAGE = YES_ERROR;
				CLANG_WARN_DOCUMENTATION_COMMENTS = YES;
				CLANG_WARN_EMPTY_BODY = YES;
				CLANG_WARN_ENUM_CONVERSION = YES;
				CLANG_WARN_INFINITE_RECURSION = YES;
				CLANG_WARN_INT_CONVERSION = YES;
				CLANG_WARN_NON_LITERAL_NULL_CONVERSION = YES;
				CLANG_WARN_OBJC_IMPLICIT_RETAIN_SELF = YES;
				CLANG_WARN_OBJC_LITERAL_CONVERSION = YES;
				CLANG_WARN_OBJC_ROOT_CLASS = YES_ERROR;
				CLANG_WARN_RANGE_LOOP_ANALYSIS = YES;
				CLANG_WARN_STRICT_PROTOTYPES = YES;
				CLANG_WARN_SUSPICIOUS_MOVE = YES;
				CLANG_WARN_UNGUARDED_AVAILABILITY = YES_AGGRESSIVE;
				CLANG_WARN_UNREACHABLE_CODE = YES;
				CLANG_WARN__DUPLICATE_METHOD_MATCH = YES;
				CODE_SIGN_IDENTITY = "iPhone Developer";
				COPY_PHASE_STRIP = NO;
				DEBUG_INFORMATION_FORMAT = dwarf;
				ENABLE_STRICT_OBJC_MSGSEND = YES;
				ENABLE_TESTABILITY = YES;
				GCC_C_LANGUAGE_STANDARD = gnu11;
				GCC_DYNAMIC_NO_PIC = NO;
				GCC_NO_COMMON_BLOCKS = YES;
				GCC_OPTIMIZATION_LEVEL = 0;
				GCC_PREPROCESSOR_DEFINITIONS = (
					"DEBUG=1",
					"$(inherited)",
				);
				GCC_WARN_64_TO_32_BIT_CONVERSION = YES;
				GCC_WARN_ABOUT_RETURN_TYPE = YES_ERROR;
				GCC_WARN_UNDECLARED_SELECTOR = YES;
				GCC_WARN_UNINITIALIZED_AUTOS = YES_AGGRESSIVE;
				GCC_WARN_UNUSED_FUNCTION = YES;
				GCC_WARN_UNUSED_VARIABLE = YES;
				IPHONEOS_DEPLOYMENT_TARGET = 11.4;
				MTL_ENABLE_DEBUG_INFO = YES;
				ONLY_ACTIVE_ARCH = YES;
				SDKROOT = iphoneos;
				SWIFT_ACTIVE_COMPILATION_CONDITIONS = DEBUG;
				SWIFT_OPTIMIZATION_LEVEL = "-Onone";
			};
			name = Debug;
		};
		B119E06E213F81CB00290952 /* Release */ = {
			isa = XCBuildConfiguration;
			buildSettings = {
				ALWAYS_SEARCH_USER_PATHS = NO;
				CLANG_ANALYZER_NONNULL = YES;
				CLANG_ANALYZER_NUMBER_OBJECT_CONVERSION = YES_AGGRESSIVE;
				CLANG_CXX_LANGUAGE_STANDARD = "gnu++14";
				CLANG_CXX_LIBRARY = "libc++";
				CLANG_ENABLE_MODULES = YES;
				CLANG_ENABLE_OBJC_ARC = YES;
				CLANG_ENABLE_OBJC_WEAK = YES;
				CLANG_WARN_BLOCK_CAPTURE_AUTORELEASING = YES;
				CLANG_WARN_BOOL_CONVERSION = YES;
				CLANG_WARN_COMMA = YES;
				CLANG_WARN_CONSTANT_CONVERSION = YES;
				CLANG_WARN_DEPRECATED_OBJC_IMPLEMENTATIONS = YES;
				CLANG_WARN_DIRECT_OBJC_ISA_USAGE = YES_ERROR;
				CLANG_WARN_DOCUMENTATION_COMMENTS = YES;
				CLANG_WARN_EMPTY_BODY = YES;
				CLANG_WARN_ENUM_CONVERSION = YES;
				CLANG_WARN_INFINITE_RECURSION = YES;
				CLANG_WARN_INT_CONVERSION = YES;
				CLANG_WARN_NON_LITERAL_NULL_CONVERSION = YES;
				CLANG_WARN_OBJC_IMPLICIT_RETAIN_SELF = YES;
				CLANG_WARN_OBJC_LITERAL_CONVERSION = YES;
				CLANG_WARN_OBJC_ROOT_CLASS = YES_ERROR;
				CLANG_WARN_RANGE_LOOP_ANALYSIS = YES;
				CLANG_WARN_STRICT_PROTOTYPES = YES;
				CLANG_WARN_SUSPICIOUS_MOVE = YES;
				CLANG_WARN_UNGUARDED_AVAILABILITY = YES_AGGRESSIVE;
				CLANG_WARN_UNREACHABLE_CODE = YES;
				CLANG_WARN__DUPLICATE_METHOD_MATCH = YES;
				CODE_SIGN_IDENTITY = "iPhone Developer";
				COPY_PHASE_STRIP = NO;
				DEBUG_INFORMATION_FORMAT = "dwarf-with-dsym";
				ENABLE_NS_ASSERTIONS = NO;
				ENABLE_STRICT_OBJC_MSGSEND = YES;
				GCC_C_LANGUAGE_STANDARD = gnu11;
				GCC_NO_COMMON_BLOCKS = YES;
				GCC_WARN_64_TO_32_BIT_CONVERSION = YES;
				GCC_WARN_ABOUT_RETURN_TYPE = YES_ERROR;
				GCC_WARN_UNDECLARED_SELECTOR = YES;
				GCC_WARN_UNINITIALIZED_AUTOS = YES_AGGRESSIVE;
				GCC_WARN_UNUSED_FUNCTION = YES;
				GCC_WARN_UNUSED_VARIABLE = YES;
				IPHONEOS_DEPLOYMENT_TARGET = 11.4;
				MTL_ENABLE_DEBUG_INFO = NO;
				SDKROOT = iphoneos;
				SWIFT_COMPILATION_MODE = wholemodule;
				SWIFT_OPTIMIZATION_LEVEL = "-O";
				VALIDATE_PRODUCT = YES;
			};
			name = Release;
		};
		B119E070213F81CB00290952 /* Debug */ = {
			isa = XCBuildConfiguration;
			buildSettings = {
				ASSETCATALOG_COMPILER_APPICON_NAME = AppIcon;
				CODE_SIGN_STYLE = Automatic;
				DEVELOPMENT_TEAM = K5927H882B;
				INFOPLIST_FILE = LoginView/Info.plist;
				LD_RUNPATH_SEARCH_PATHS = (
					"$(inherited)",
					"@executable_path/Frameworks",
				);
				PRODUCT_BUNDLE_IDENTIFIER = com.chrisz.LoginView;
				PRODUCT_NAME = "$(TARGET_NAME)";
				SWIFT_VERSION = 4.0;
				TARGETED_DEVICE_FAMILY = "1,2";
			};
			name = Debug;
		};
		B119E071213F81CB00290952 /* Release */ = {
			isa = XCBuildConfiguration;
			buildSettings = {
				ASSETCATALOG_COMPILER_APPICON_NAME = AppIcon;
				CODE_SIGN_STYLE = Automatic;
				DEVELOPMENT_TEAM = K5927H882B;
				INFOPLIST_FILE = LoginView/Info.plist;
				LD_RUNPATH_SEARCH_PATHS = (
					"$(inherited)",
					"@executable_path/Frameworks",
				);
				PRODUCT_BUNDLE_IDENTIFIER = com.chrisz.LoginView;
				PRODUCT_NAME = "$(TARGET_NAME)";
				SWIFT_VERSION = 4.0;
				TARGETED_DEVICE_FAMILY = "1,2";
			};
			name = Release;
		};
		B119E073213F81CB00290952 /* Debug */ = {
			isa = XCBuildConfiguration;
			buildSettings = {
				ALWAYS_EMBED_SWIFT_STANDARD_LIBRARIES = YES;
				BUNDLE_LOADER = "$(TEST_HOST)";
				CODE_SIGN_STYLE = Automatic;
				DEVELOPMENT_TEAM = K5927H882B;
				INFOPLIST_FILE = LoginViewTests/Info.plist;
				LD_RUNPATH_SEARCH_PATHS = (
					"$(inherited)",
					"@executable_path/Frameworks",
					"@loader_path/Frameworks",
				);
				PRODUCT_BUNDLE_IDENTIFIER = com.chrisz.LoginViewTests;
				PRODUCT_NAME = "$(TARGET_NAME)";
				SWIFT_VERSION = 4.0;
				TARGETED_DEVICE_FAMILY = "1,2";
				TEST_HOST = "$(BUILT_PRODUCTS_DIR)/LoginView.app/LoginView";
			};
			name = Debug;
		};
		B119E074213F81CB00290952 /* Release */ = {
			isa = XCBuildConfiguration;
			buildSettings = {
				ALWAYS_EMBED_SWIFT_STANDARD_LIBRARIES = YES;
				BUNDLE_LOADER = "$(TEST_HOST)";
				CODE_SIGN_STYLE = Automatic;
				DEVELOPMENT_TEAM = K5927H882B;
				INFOPLIST_FILE = LoginViewTests/Info.plist;
				LD_RUNPATH_SEARCH_PATHS = (
					"$(inherited)",
					"@executable_path/Frameworks",
					"@loader_path/Frameworks",
				);
				PRODUCT_BUNDLE_IDENTIFIER = com.chrisz.LoginViewTests;
				PRODUCT_NAME = "$(TARGET_NAME)";
				SWIFT_VERSION = 4.0;
				TARGETED_DEVICE_FAMILY = "1,2";
				TEST_HOST = "$(BUILT_PRODUCTS_DIR)/LoginView.app/LoginView";
			};
			name = Release;
		};
		B119E076213F81CB00290952 /* Debug */ = {
			isa = XCBuildConfiguration;
			buildSettings = {
				ALWAYS_EMBED_SWIFT_STANDARD_LIBRARIES = YES;
				CODE_SIGN_STYLE = Automatic;
				DEVELOPMENT_TEAM = K5927H882B;
				INFOPLIST_FILE = LoginViewUITests/Info.plist;
				LD_RUNPATH_SEARCH_PATHS = (
					"$(inherited)",
					"@executable_path/Frameworks",
					"@loader_path/Frameworks",
				);
				PRODUCT_BUNDLE_IDENTIFIER = com.chrisz.LoginViewUITests;
				PRODUCT_NAME = "$(TARGET_NAME)";
				SWIFT_VERSION = 4.0;
				TARGETED_DEVICE_FAMILY = "1,2";
				TEST_TARGET_NAME = LoginView;
			};
			name = Debug;
		};
		B119E077213F81CB00290952 /* Release */ = {
			isa = XCBuildConfiguration;
			buildSettings = {
				ALWAYS_EMBED_SWIFT_STANDARD_LIBRARIES = YES;
				CODE_SIGN_STYLE = Automatic;
				DEVELOPMENT_TEAM = K5927H882B;
				INFOPLIST_FILE = LoginViewUITests/Info.plist;
				LD_RUNPATH_SEARCH_PATHS = (
					"$(inherited)",
					"@executable_path/Frameworks",
					"@loader_path/Frameworks",
				);
				PRODUCT_BUNDLE_IDENTIFIER = com.chrisz.LoginViewUITests;
				PRODUCT_NAME = "$(TARGET_NAME)";
				SWIFT_VERSION = 4.0;
				TARGETED_DEVICE_FAMILY = "1,2";
				TEST_TARGET_NAME = LoginView;
			};
			name = Release;
		};
/* End XCBuildConfiguration section */

/* Begin XCConfigurationList section */
		B119E042213F81C900290952 /* Build configuration list for PBXProject "LoginView" */ = {
			isa = XCConfigurationList;
			buildConfigurations = (
				B119E06D213F81CB00290952 /* Debug */,
				B119E06E213F81CB00290952 /* Release */,
			);
			defaultConfigurationIsVisible = 0;
			defaultConfigurationName = Release;
		};
		B119E06F213F81CB00290952 /* Build configuration list for PBXNativeTarget "LoginView" */ = {
			isa = XCConfigurationList;
			buildConfigurations = (
				B119E070213F81CB00290952 /* Debug */,
				B119E071213F81CB00290952 /* Release */,
			);
			defaultConfigurationIsVisible = 0;
			defaultConfigurationName = Release;
		};
		B119E072213F81CB00290952 /* Build configuration list for PBXNativeTarget "LoginViewTests" */ = {
			isa = XCConfigurationList;
			buildConfigurations = (
				B119E073213F81CB00290952 /* Debug */,
				B119E074213F81CB00290952 /* Release */,
			);
			defaultConfigurationIsVisible = 0;
			defaultConfigurationName = Release;
		};
		B119E075213F81CB00290952 /* Build configuration list for PBXNativeTarget "LoginViewUITests" */ = {
			isa = XCConfigurationList;
			buildConfigurations = (
				B119E076213F81CB00290952 /* Debug */,
				B119E077213F81CB00290952 /* Release */,
			);
			defaultConfigurationIsVisible = 0;
			defaultConfigurationName = Release;
		};
/* End XCConfigurationList section */
	};
	rootObject = B119E03F213F81C900290952 /* Project object */;
}
